
Microsoft Visual Studio Solution File, Format Version 12.00
# Visual Studio Version 16
VisualStudioVersion = 16.0.30503.244
MinimumVisualStudioVersion = 10.0.40219.1
Project("{FAE04EC0-301F-11D3-BF4B-00C04F79EFBC}") = "WindowsFormsApp", "WindowsFormsApp\WindowsFormsApp.csproj", "{F0DA483C-6CC1-430F-8107-F7B902CEB004}"
EndProject
Global
	GlobalSection(SolutionConfigurationPlatforms) = preSolution
		Debug|Any CPU = Debug|Any CPU
		Debug|x64 = Debug|x64
		Debug|x86 = Debug|x86
		Release|Any CPU = Release|Any CPU
		Release|x64 = Release|x64
		Release|x86 = Release|x86
	EndGlobalSection
	GlobalSection(ProjectConfigurationPlatforms) = postSolution
		{F0DA483C-6CC1-430F-8107-F7B902CEB004}.Debug|Any CPU.ActiveCfg = Debug|Any CPU
		{F0DA483C-6CC1-430F-8107-F7B902CEB004}.Debug|Any CPU.Build.0 = Debug|Any CPU
		{F0DA483C-6CC1-430F-8107-F7B902CEB004}.Debug|x64.ActiveCfg = Debug|x86
		{F0DA483C-6CC1-430F-8107-F7B902CEB004}.Debug|x64.Build.0 = Debug|x86
		{F0DA483C-6CC1-430F-8107-F7B902CEB004}.Debug|x86.ActiveCfg = Debug|x86
		{F0DA483C-6CC1-430F-8107-F7B902CEB004}.Debug|x86.Build.0 = Debug|x86
		{F0DA483C-6CC1-430F-8107-F7B902CEB004}.Release|Any CPU.ActiveCfg = Release|Any CPU
		{F0DA483C-6CC1-430F-8107-F7B902CEB004}.Release|Any CPU.Build.0 = Release|Any CPU
		{F0DA483C-6CC1-430F-8107-F7B902CEB004}.Release|x64.ActiveCfg = Release|x64
		{F0DA483C-6CC1-430F-8107-F7B902CEB004}.Release|x64.Build.0 = Release|x64
		{F0DA483C-6CC1-430F-8107-F7B902CEB004}.Release|x86.ActiveCfg = Release|x86
		{F0DA483C-6CC1-430F-8107-F7B902CEB004}.Release|x86.Build.0 = Release|x86
	EndGlobalSection
	GlobalSection(SolutionProperties) = preSolution
		HideSolutionNode = FALSE
	EndGlobalSection
	GlobalSection(ExtensibilityGlobals) = postSolution
		SolutionGuid = {28B3B37A-46EC-49A1-8631-5DAA5D9B32A0}
	EndGlobalSection
EndGlobal
